
Microsoft Visual Studio Solution File, Format Version 12.00
# Visual Studio Version 17
VisualStudioVersion = 17.9.34622.214
MinimumVisualStudioVersion = 10.0.40219.1
Project("{FAE04EC0-301F-11D3-BF4B-00C04F79EFBC}") = "DragonsAndApples2", "DragonsAndApples2\DragonsAndApples2.csproj", "{45160ED1-F4A0-41FA-9428-AFC96415C7C3}"
EndProject
Project("{FAE04EC0-301F-11D3-BF4B-00C04F79EFBC}") = "Entities", "Entities\Entities.csproj", "{DB67C2F7-BCAC-4573-BC31-C6D3A724D2E4}"
EndProject
Project("{FAE04EC0-301F-11D3-BF4B-00C04F79EFBC}") = "DataStorageLevel", "DataStorageLevel\DataStorageLevel.csproj", "{C0873648-7D5E-4018-BD0B-80E429E134FA}"
EndProject
Project("{FAE04EC0-301F-11D3-BF4B-00C04F79EFBC}") = "InterfataUtilizator_WindowsForms", "InterfataUtilizator_WindowsForms\InterfataUtilizator_WindowsForms.csproj", "{18FDF8E1-50A2-41D3-B59B-92A9495EFE6A}"
EndProject
Global
	GlobalSection(SolutionConfigurationPlatforms) = preSolution
		Debug|Any CPU = Debug|Any CPU
		Release|Any CPU = Release|Any CPU
	EndGlobalSection
	GlobalSection(ProjectConfigurationPlatforms) = postSolution
		{45160ED1-F4A0-41FA-9428-AFC96415C7C3}.Debug|Any CPU.ActiveCfg = Debug|Any CPU
		{45160ED1-F4A0-41FA-9428-AFC96415C7C3}.Debug|Any CPU.Build.0 = Debug|Any CPU
		{45160ED1-F4A0-41FA-9428-AFC96415C7C3}.Release|Any CPU.ActiveCfg = Release|Any CPU
		{45160ED1-F4A0-41FA-9428-AFC96415C7C3}.Release|Any CPU.Build.0 = Release|Any CPU
		{DB67C2F7-BCAC-4573-BC31-C6D3A724D2E4}.Debug|Any CPU.ActiveCfg = Debug|Any CPU
		{DB67C2F7-BCAC-4573-BC31-C6D3A724D2E4}.Debug|Any CPU.Build.0 = Debug|Any CPU
		{DB67C2F7-BCAC-4573-BC31-C6D3A724D2E4}.Release|Any CPU.ActiveCfg = Release|Any CPU
		{DB67C2F7-BCAC-4573-BC31-C6D3A724D2E4}.Release|Any CPU.Build.0 = Release|Any CPU
		{C0873648-7D5E-4018-BD0B-80E429E134FA}.Debug|Any CPU.ActiveCfg = Debug|Any CPU
		{C0873648-7D5E-4018-BD0B-80E429E134FA}.Debug|Any CPU.Build.0 = Debug|Any CPU
		{C0873648-7D5E-4018-BD0B-80E429E134FA}.Release|Any CPU.ActiveCfg = Release|Any CPU
		{C0873648-7D5E-4018-BD0B-80E429E134FA}.Release|Any CPU.Build.0 = Release|Any CPU
		{18FDF8E1-50A2-41D3-B59B-92A9495EFE6A}.Debug|Any CPU.ActiveCfg = Debug|Any CPU
		{18FDF8E1-50A2-41D3-B59B-92A9495EFE6A}.Debug|Any CPU.Build.0 = Debug|Any CPU
		{18FDF8E1-50A2-41D3-B59B-92A9495EFE6A}.Release|Any CPU.ActiveCfg = Release|Any CPU
		{18FDF8E1-50A2-41D3-B59B-92A9495EFE6A}.Release|Any CPU.Build.0 = Release|Any CPU
	EndGlobalSection
	GlobalSection(SolutionProperties) = preSolution
		HideSolutionNode = FALSE
	EndGlobalSection
	GlobalSection(ExtensibilityGlobals) = postSolution
		SolutionGuid = {1B98C0A6-52C7-4002-9F45-245F7FCC9485}
	EndGlobalSection
EndGlobal
